
Microsoft Visual Studio Solution File, Format Version 12.00
# Visual Studio Version 17
VisualStudioVersion = 17.5.002.0
MinimumVisualStudioVersion = 10.0.40219.1
Project("{2150E333-8FDC-42A3-9474-1A3956D46DE8}") = "sdk", "sdk", "{034184D8-D33E-433B-AC23-14FD3B74652F}"
EndProject
Project("{9A19103F-16F7-4668-BE54-9A1E7A4F7556}") = "Oss4u.Opnsense", "sdk\dotnet\Oss4u.Opnsense.csproj", "{EC92A1A9-EC55-41EA-ABC6-094269DE0E18}"
EndProject
Global
	GlobalSection(SolutionConfigurationPlatforms) = preSolution
		Debug|Any CPU = Debug|Any CPU
		Release|Any CPU = Release|Any CPU
	EndGlobalSection
	GlobalSection(ProjectConfigurationPlatforms) = postSolution
		{EC92A1A9-EC55-41EA-ABC6-094269DE0E18}.Debug|Any CPU.ActiveCfg = Debug|Any CPU
		{EC92A1A9-EC55-41EA-ABC6-094269DE0E18}.Debug|Any CPU.Build.0 = Debug|Any CPU
		{EC92A1A9-EC55-41EA-ABC6-094269DE0E18}.Release|Any CPU.ActiveCfg = Release|Any CPU
		{EC92A1A9-EC55-41EA-ABC6-094269DE0E18}.Release|Any CPU.Build.0 = Release|Any CPU
	EndGlobalSection
	GlobalSection(SolutionProperties) = preSolution
		HideSolutionNode = FALSE
	EndGlobalSection
	GlobalSection(NestedProjects) = preSolution
		{EC92A1A9-EC55-41EA-ABC6-094269DE0E18} = {034184D8-D33E-433B-AC23-14FD3B74652F}
	EndGlobalSection
	GlobalSection(ExtensibilityGlobals) = postSolution
		SolutionGuid = {85ACD34C-6546-4519-A418-EEF65C28F127}
	EndGlobalSection
EndGlobal
